
Microsoft Visual Studio Solution File, Format Version 12.00
# Visual Studio Version 16
VisualStudioVersion = 16.0.30225.117
MinimumVisualStudioVersion = 10.0.40219.1
Project("{FAE04EC0-301F-11D3-BF4B-00C04F79EFBC}") = "HPTriviaMaze", "HPTriviaMaze\HPTriviaMaze.csproj", "{4BD3FFE3-84F1-4A70-86F0-397ACD6D3075}"
EndProject
Global
	GlobalSection(SolutionConfigurationPlatforms) = preSolution
		Debug|Any CPU = Debug|Any CPU
		Release|Any CPU = Release|Any CPU
	EndGlobalSection
	GlobalSection(ProjectConfigurationPlatforms) = postSolution
		{4BD3FFE3-84F1-4A70-86F0-397ACD6D3075}.Debug|Any CPU.ActiveCfg = Debug|Any CPU
		{4BD3FFE3-84F1-4A70-86F0-397ACD6D3075}.Debug|Any CPU.Build.0 = Debug|Any CPU
		{4BD3FFE3-84F1-4A70-86F0-397ACD6D3075}.Release|Any CPU.ActiveCfg = Release|Any CPU
		{4BD3FFE3-84F1-4A70-86F0-397ACD6D3075}.Release|Any CPU.Build.0 = Release|Any CPU
	EndGlobalSection
	GlobalSection(SolutionProperties) = preSolution
		HideSolutionNode = FALSE
	EndGlobalSection
	GlobalSection(ExtensibilityGlobals) = postSolution
		SolutionGuid = {30BD2743-82E1-4075-86B1-1BEAA6BC502C}
	EndGlobalSection
EndGlobal
